{
  "requires": true,
  "lockfileVersion": 1,
  "dependencies": {
    "@sanity/block-content-to-hyperscript": {
      "version": "2.0.7",
      "resolved": "https://registry.npmjs.org/@sanity/block-content-to-hyperscript/-/block-content-to-hyperscript-2.0.7.tgz",
      "integrity": "sha512-En1qjMARu/evRb1BKgzs6RsRPpFqg45NB+odpCGE2H+DDZ/pM7qXZN0Br7ej6RPT7xxPs4IK3222VyrzFcn62g==",
      "requires": {
        "@sanity/generate-help-url": "^0.139.0",
        "@sanity/image-url": "^0.139.0",
        "hyperscript": "^2.0.2",
        "object-assign": "^4.1.1"
      },
      "dependencies": {
        "@sanity/image-url": {
          "version": "0.139.0",
          "resolved": "https://registry.npmjs.org/@sanity/image-url/-/image-url-0.139.0.tgz",
          "integrity": "sha512-/ec7Tof1mR61+AP8jJcIspzdkL55WM+s/pDLTSScBgoYXNETfBOePBAa7kHl9FeN3CsYCm4WuthhnC7Qv84MnQ=="
        }
      }
    },
    "@sanity/block-content-to-react": {
      "version": "2.0.6",
      "resolved": "https://registry.npmjs.org/@sanity/block-content-to-react/-/block-content-to-react-2.0.6.tgz",
      "integrity": "sha512-fLZKU+tZbJVzoKNOeWgRGQjIv9yoiYXOYq+1XhWyUlC167P2e663wCQe8fYhSzoM8Yn6FlsbC7UUtQANtLMNIA==",
      "requires": {
        "@sanity/block-content-to-hyperscript": "^2.0.7",
        "prop-types": "^15.6.2"
      }
    },
    "@sanity/generate-help-url": {
      "version": "0.139.0",
      "resolved": "https://registry.npmjs.org/@sanity/generate-help-url/-/generate-help-url-0.139.0.tgz",
      "integrity": "sha512-M5VMpZfF2KjuaHO5tatq+w+hD43cjmFiAD8z17NL8/rvB8GmTCmbF9ikqms0ZbVuIWT4rww8KCbV4up9NaJqHw=="
    },
    "@sanity/image-url": {
      "version": "0.140.12",
      "resolved": "https://registry.npmjs.org/@sanity/image-url/-/image-url-0.140.12.tgz",
      "integrity": "sha512-/f+k4oibAgWVJ4rytCtvI09Frgl+xQJerYMn8CnBLofJEDq/3zHB+YBwS53ffCIHDpi/I5FL70zBGtUx64ZAnA=="
    },
    "browser-split": {
      "version": "0.0.0",
      "resolved": "https://registry.npmjs.org/browser-split/-/browser-split-0.0.0.tgz",
      "integrity": "sha1-QUGcrvdpdVkp3VGJZ9PuwKYmJ3E="
    },
    "class-list": {
      "version": "0.1.1",
      "resolved": "https://registry.npmjs.org/class-list/-/class-list-0.1.1.tgz",
      "integrity": "sha1-m5dFGSxBebXaCg12M2WOPHDXlss=",
      "requires": {
        "indexof": "0.0.1"
      }
    },
    "groq": {
      "version": "0.140.0",
      "resolved": "https://registry.npmjs.org/groq/-/groq-0.140.0.tgz",
      "integrity": "sha512-DkMqr8kY/WfGZ6iq7wKPG5CtYD0JycVJ1QCzB9o5MuEdgemHiPvYfzrQXfi7mTTPaC5kzGR1El1H5YKEITXDnw=="
    },
    "html-element": {
      "version": "2.2.0",
      "resolved": "https://registry.npmjs.org/html-element/-/html-element-2.2.0.tgz",
      "integrity": "sha1-w8H/iMJh23TQr2OR7vkMNG+QBzA=",
      "requires": {
        "class-list": "~0.1.1"
      }
    },
    "hyperscript": {
      "version": "2.0.2",
      "resolved": "https://registry.npmjs.org/hyperscript/-/hyperscript-2.0.2.tgz",
      "integrity": "sha1-ODnLpFVUvf4nu4HCFC0WhPgTWvU=",
      "requires": {
        "browser-split": "0.0.0",
        "class-list": "~0.1.0",
        "html-element": "^2.0.0"
      }
    },
    "indexof": {
      "version": "0.0.1",
      "resolved": "https://registry.npmjs.org/indexof/-/indexof-0.0.1.tgz",
      "integrity": "sha1-gtwzbSMrkGIXnQWrMpOmYFn9Q10="
    },
    "js-tokens": {
      "version": "4.0.0",
      "resolved": "https://registry.npmjs.org/js-tokens/-/js-tokens-4.0.0.tgz",
      "integrity": "sha512-RdJUflcE3cUzKiMqQgsCu06FPu9UdIJO0beYbPhHN4k6apgJtifcoCtT9bcxOpYBtpD2kCM6Sbzg4CausW/PKQ=="
    },
    "loose-envify": {
      "version": "1.4.0",
      "resolved": "https://registry.npmjs.org/loose-envify/-/loose-envify-1.4.0.tgz",
      "integrity": "sha512-lyuxPGr/Wfhrlem2CL/UcnUc1zcqKAImBDzukY7Y5F/yQiNdko6+fRLevlw1HgMySw7f611UIY408EtxRSoK3Q==",
      "requires": {
        "js-tokens": "^3.0.0 || ^4.0.0"
      }
    },
    "object-assign": {
      "version": "4.1.1",
      "resolved": "https://registry.npmjs.org/object-assign/-/object-assign-4.1.1.tgz",
      "integrity": "sha1-IQmtx5ZYh8/AXLvUQsrIv7s2CGM="
    },
    "prop-types": {
      "version": "15.7.2",
      "resolved": "https://registry.npmjs.org/prop-types/-/prop-types-15.7.2.tgz",
      "integrity": "sha512-8QQikdH7//R2vurIJSutZ1smHYTcLpRWEOlHnzcWHmBYrOGUysKwSsrC89BCiFj3CbrfJ/nXFdJepOVrY1GCHQ==",
      "requires": {
        "loose-envify": "^1.4.0",
        "object-assign": "^4.1.1",
        "react-is": "^16.8.1"
      }
    },
    "react-is": {
      "version": "16.8.6",
      "resolved": "https://registry.npmjs.org/react-is/-/react-is-16.8.6.tgz",
      "integrity": "sha512-aUk3bHfZ2bRSVFFbbeVS4i+lNPZr3/WM5jT2J5omUVV1zzcs1nAaf3l51ctA5FFvCRbhrH0bdAsRRQddFJZPtA=="
    }
  }
}
